// !$*UTF8*$!
{
	archiveVersion = 1;
	classes = {
	};
	objectVersion = 56;
	objects = {

/* Begin PBXBuildFile section */
		0D0E837A7A7809B8FC9F46BF /* Pods_SwiftUIBootcamp.framework in Frameworks */ = {isa = PBXBuildFile; fileRef = 4F8AC1571DD3D5B142AB97CD /* Pods_SwiftUIBootcamp.framework */; };
		1E4B832A69CB349E1F21F9A5 /* Pods_SwiftUIBootcamp_SwiftUIBootcampTests.framework in Frameworks */ = {isa = PBXBuildFile; fileRef = 92B9530A68DD820A7B7A09C9 /* Pods_SwiftUIBootcamp_SwiftUIBootcampTests.framework */; };
		6272E93D06CA82F6688B1D11 /* Pods_SwiftUIBootcamp_SwiftUIBootcampUITests.framework in Frameworks */ = {isa = PBXBuildFile; fileRef = 85E026FC74060797DDCDAC7B /* Pods_SwiftUIBootcamp_SwiftUIBootcampUITests.framework */; };
		8A00EC5429AE2EBE00EF5809 /* RegisterViewModelXCTests.swift in Sources */ = {isa = PBXBuildFile; fileRef = 8A00EC5329AE2EBE00EF5809 /* RegisterViewModelXCTests.swift */; };
		8A00EC5629AE344600EF5809 /* CombinePredicates.swift in Sources */ = {isa = PBXBuildFile; fileRef = 8A00EC5529AE344600EF5809 /* CombinePredicates.swift */; };
		8A1C732629B2011A00BB8113 /* EarlGrey.swift in Sources */ = {isa = PBXBuildFile; fileRef = 8A1C732529B2011A00BB8113 /* EarlGrey.swift */; };
		8A245C9F2986816700887AC3 /* RegisterView.swift in Sources */ = {isa = PBXBuildFile; fileRef = 8A245C9E2986816700887AC3 /* RegisterView.swift */; };
		8A245CA12986826300887AC3 /* RegisterViewModel.swift in Sources */ = {isa = PBXBuildFile; fileRef = 8A245CA02986826300887AC3 /* RegisterViewModel.swift */; };
		8A245CA329869ADD00887AC3 /* PhoneNumberView.swift in Sources */ = {isa = PBXBuildFile; fileRef = 8A245CA229869ADD00887AC3 /* PhoneNumberView.swift */; };
		8A6C4BC42983CDBA0035A72E /* SwiftUIBootcampApp.swift in Sources */ = {isa = PBXBuildFile; fileRef = 8A6C4BC32983CDBA0035A72E /* SwiftUIBootcampApp.swift */; };
		8A6C4BC62983CDBA0035A72E /* ContentView.swift in Sources */ = {isa = PBXBuildFile; fileRef = 8A6C4BC52983CDBA0035A72E /* ContentView.swift */; };
		8A6C4BC82983CDBD0035A72E /* Assets.xcassets in Resources */ = {isa = PBXBuildFile; fileRef = 8A6C4BC72983CDBD0035A72E /* Assets.xcassets */; };
		8A6C4BCC2983CDBD0035A72E /* Preview Assets.xcassets in Resources */ = {isa = PBXBuildFile; fileRef = 8A6C4BCB2983CDBD0035A72E /* Preview Assets.xcassets */; };
		8A6C4BE02983CDBD0035A72E /* SwiftUIBootcampUITests.swift in Sources */ = {isa = PBXBuildFile; fileRef = 8A6C4BDF2983CDBD0035A72E /* SwiftUIBootcampUITests.swift */; };
		8A6C4BE22983CDBD0035A72E /* SwiftUIBootcampUITestsLaunchTests.swift in Sources */ = {isa = PBXBuildFile; fileRef = 8A6C4BE12983CDBD0035A72E /* SwiftUIBootcampUITestsLaunchTests.swift */; };
		8A6C4BEF2983CDDB0035A72E /* HelloWorldViewController.swift in Sources */ = {isa = PBXBuildFile; fileRef = 8A6C4BEE2983CDDB0035A72E /* HelloWorldViewController.swift */; };
		8ABECDE1299F536C00E23159 /* RegisterViewViewModelTest.swift in Sources */ = {isa = PBXBuildFile; fileRef = 8ABECDE0299F536C00E23159 /* RegisterViewViewModelTest.swift */; };
		8AE4284929AC8CD200556469 /* WelcomeView.swift in Sources */ = {isa = PBXBuildFile; fileRef = 8AE4284829AC8CD200556469 /* WelcomeView.swift */; };
/* End PBXBuildFile section */

/* Begin PBXContainerItemProxy section */
		8A6C4BD22983CDBD0035A72E /* PBXContainerItemProxy */ = {
			isa = PBXContainerItemProxy;
			containerPortal = 8A6C4BB82983CDBA0035A72E /* Project object */;
			proxyType = 1;
			remoteGlobalIDString = 8A6C4BBF2983CDBA0035A72E;
			remoteInfo = SwiftUIBootcamp;
		};
		8A6C4BDC2983CDBD0035A72E /* PBXContainerItemProxy */ = {
			isa = PBXContainerItemProxy;
			containerPortal = 8A6C4BB82983CDBA0035A72E /* Project object */;
			proxyType = 1;
			remoteGlobalIDString = 8A6C4BBF2983CDBA0035A72E;
			remoteInfo = SwiftUIBootcamp;
		};
/* End PBXContainerItemProxy section */

/* Begin PBXFileReference section */
		0F31EB026417AC666EC8C810 /* Pods-SwiftUIBootcamp.release.xcconfig */ = {isa = PBXFileReference; includeInIndex = 1; lastKnownFileType = text.xcconfig; name = "Pods-SwiftUIBootcamp.release.xcconfig"; path = "Target Support Files/Pods-SwiftUIBootcamp/Pods-SwiftUIBootcamp.release.xcconfig"; sourceTree = "<group>"; };
		21DA434403F82B09F87EF578 /* Pods-SwiftUIBootcamp-SwiftUIBootcampTests.release.xcconfig */ = {isa = PBXFileReference; includeInIndex = 1; lastKnownFileType = text.xcconfig; name = "Pods-SwiftUIBootcamp-SwiftUIBootcampTests.release.xcconfig"; path = "Target Support Files/Pods-SwiftUIBootcamp-SwiftUIBootcampTests/Pods-SwiftUIBootcamp-SwiftUIBootcampTests.release.xcconfig"; sourceTree = "<group>"; };
		38C534BCE7D4A80FD5972AF2 /* Pods-SwiftUIBootcampUITests.release.xcconfig */ = {isa = PBXFileReference; includeInIndex = 1; lastKnownFileType = text.xcconfig; name = "Pods-SwiftUIBootcampUITests.release.xcconfig"; path = "Target Support Files/Pods-SwiftUIBootcampUITests/Pods-SwiftUIBootcampUITests.release.xcconfig"; sourceTree = "<group>"; };
		4E3C9CB65C0FE255C868165B /* Pods-SwiftUIBootcamp-SwiftUIBootcampUITests.release.xcconfig */ = {isa = PBXFileReference; includeInIndex = 1; lastKnownFileType = text.xcconfig; name = "Pods-SwiftUIBootcamp-SwiftUIBootcampUITests.release.xcconfig"; path = "Target Support Files/Pods-SwiftUIBootcamp-SwiftUIBootcampUITests/Pods-SwiftUIBootcamp-SwiftUIBootcampUITests.release.xcconfig"; sourceTree = "<group>"; };
		4F8AC1571DD3D5B142AB97CD /* Pods_SwiftUIBootcamp.framework */ = {isa = PBXFileReference; explicitFileType = wrapper.framework; includeInIndex = 0; path = Pods_SwiftUIBootcamp.framework; sourceTree = BUILT_PRODUCTS_DIR; };
		7F7C85FAE0488619A05C5210 /* Pods-SwiftUIBootcampUITests.debug.xcconfig */ = {isa = PBXFileReference; includeInIndex = 1; lastKnownFileType = text.xcconfig; name = "Pods-SwiftUIBootcampUITests.debug.xcconfig"; path = "Target Support Files/Pods-SwiftUIBootcampUITests/Pods-SwiftUIBootcampUITests.debug.xcconfig"; sourceTree = "<group>"; };
		85E026FC74060797DDCDAC7B /* Pods_SwiftUIBootcamp_SwiftUIBootcampUITests.framework */ = {isa = PBXFileReference; explicitFileType = wrapper.framework; includeInIndex = 0; path = Pods_SwiftUIBootcamp_SwiftUIBootcampUITests.framework; sourceTree = BUILT_PRODUCTS_DIR; };
		8A00EC5329AE2EBE00EF5809 /* RegisterViewModelXCTests.swift */ = {isa = PBXFileReference; lastKnownFileType = sourcecode.swift; path = RegisterViewModelXCTests.swift; sourceTree = "<group>"; };
		8A00EC5529AE344600EF5809 /* CombinePredicates.swift */ = {isa = PBXFileReference; lastKnownFileType = sourcecode.swift; path = CombinePredicates.swift; sourceTree = "<group>"; };
		8A136E81299F4BE600427AD4 /* SwiftUIBootcamp.entitlements */ = {isa = PBXFileReference; lastKnownFileType = text.plist.entitlements; path = SwiftUIBootcamp.entitlements; sourceTree = "<group>"; };
		8A1C732529B2011A00BB8113 /* EarlGrey.swift */ = {isa = PBXFileReference; lastKnownFileType = sourcecode.swift; path = EarlGrey.swift; sourceTree = "<group>"; };
		8A1C732729B2014300BB8113 /* EarlGreyBridgingHeader.h */ = {isa = PBXFileReference; lastKnownFileType = sourcecode.c.h; path = EarlGreyBridgingHeader.h; sourceTree = "<group>"; };
		8A245C9E2986816700887AC3 /* RegisterView.swift */ = {isa = PBXFileReference; lastKnownFileType = sourcecode.swift; path = RegisterView.swift; sourceTree = "<group>"; };
		8A245CA02986826300887AC3 /* RegisterViewModel.swift */ = {isa = PBXFileReference; lastKnownFileType = sourcecode.swift; path = RegisterViewModel.swift; sourceTree = "<group>"; };
		8A245CA229869ADD00887AC3 /* PhoneNumberView.swift */ = {isa = PBXFileReference; lastKnownFileType = sourcecode.swift; path = PhoneNumberView.swift; sourceTree = "<group>"; };
		8A6C4BC02983CDBA0035A72E /* SwiftUIBootcamp.app */ = {isa = PBXFileReference; explicitFileType = wrapper.application; includeInIndex = 0; path = SwiftUIBootcamp.app; sourceTree = BUILT_PRODUCTS_DIR; };
		8A6C4BC32983CDBA0035A72E /* SwiftUIBootcampApp.swift */ = {isa = PBXFileReference; lastKnownFileType = sourcecode.swift; path = SwiftUIBootcampApp.swift; sourceTree = "<group>"; };
		8A6C4BC52983CDBA0035A72E /* ContentView.swift */ = {isa = PBXFileReference; lastKnownFileType = sourcecode.swift; path = ContentView.swift; sourceTree = "<group>"; };
		8A6C4BC72983CDBD0035A72E /* Assets.xcassets */ = {isa = PBXFileReference; lastKnownFileType = folder.assetcatalog; path = Assets.xcassets; sourceTree = "<group>"; };
		8A6C4BCB2983CDBD0035A72E /* Preview Assets.xcassets */ = {isa = PBXFileReference; lastKnownFileType = folder.assetcatalog; path = "Preview Assets.xcassets"; sourceTree = "<group>"; };
		8A6C4BD12983CDBD0035A72E /* SwiftUIBootcampTests.xctest */ = {isa = PBXFileReference; explicitFileType = wrapper.cfbundle; includeInIndex = 0; path = SwiftUIBootcampTests.xctest; sourceTree = BUILT_PRODUCTS_DIR; };
		8A6C4BDB2983CDBD0035A72E /* SwiftUIBootcampUITests.xctest */ = {isa = PBXFileReference; explicitFileType = wrapper.cfbundle; includeInIndex = 0; path = SwiftUIBootcampUITests.xctest; sourceTree = BUILT_PRODUCTS_DIR; };
		8A6C4BDF2983CDBD0035A72E /* SwiftUIBootcampUITests.swift */ = {isa = PBXFileReference; lastKnownFileType = sourcecode.swift; path = SwiftUIBootcampUITests.swift; sourceTree = "<group>"; };
		8A6C4BE12983CDBD0035A72E /* SwiftUIBootcampUITestsLaunchTests.swift */ = {isa = PBXFileReference; lastKnownFileType = sourcecode.swift; path = SwiftUIBootcampUITestsLaunchTests.swift; sourceTree = "<group>"; };
		8A6C4BEE2983CDDB0035A72E /* HelloWorldViewController.swift */ = {isa = PBXFileReference; lastKnownFileType = sourcecode.swift; path = HelloWorldViewController.swift; sourceTree = "<group>"; };
		8AAC0DC029AF7D5100EB5F96 /* Info.plist */ = {isa = PBXFileReference; lastKnownFileType = text.plist; path = Info.plist; sourceTree = "<group>"; };
		8ABECDE0299F536C00E23159 /* RegisterViewViewModelTest.swift */ = {isa = PBXFileReference; lastKnownFileType = sourcecode.swift; path = RegisterViewViewModelTest.swift; sourceTree = "<group>"; };
		8AE4284829AC8CD200556469 /* WelcomeView.swift */ = {isa = PBXFileReference; lastKnownFileType = sourcecode.swift; path = WelcomeView.swift; sourceTree = "<group>"; };
		92B9530A68DD820A7B7A09C9 /* Pods_SwiftUIBootcamp_SwiftUIBootcampTests.framework */ = {isa = PBXFileReference; explicitFileType = wrapper.framework; includeInIndex = 0; path = Pods_SwiftUIBootcamp_SwiftUIBootcampTests.framework; sourceTree = BUILT_PRODUCTS_DIR; };
		988FBD857272118ED96500CD /* Pods-SwiftUIBootcamp-SwiftUIBootcampUITests.debug.xcconfig */ = {isa = PBXFileReference; includeInIndex = 1; lastKnownFileType = text.xcconfig; name = "Pods-SwiftUIBootcamp-SwiftUIBootcampUITests.debug.xcconfig"; path = "Target Support Files/Pods-SwiftUIBootcamp-SwiftUIBootcampUITests/Pods-SwiftUIBootcamp-SwiftUIBootcampUITests.debug.xcconfig"; sourceTree = "<group>"; };
		BA2AC878A7EB6D9023B61F87 /* Pods-SwiftUIBootcampTests.debug.xcconfig */ = {isa = PBXFileReference; includeInIndex = 1; lastKnownFileType = text.xcconfig; name = "Pods-SwiftUIBootcampTests.debug.xcconfig"; path = "Target Support Files/Pods-SwiftUIBootcampTests/Pods-SwiftUIBootcampTests.debug.xcconfig"; sourceTree = "<group>"; };
		CE14B926985BB7B70D08C583 /* Pods-SwiftUIBootcamp-SwiftUIBootcampTests.debug.xcconfig */ = {isa = PBXFileReference; includeInIndex = 1; lastKnownFileType = text.xcconfig; name = "Pods-SwiftUIBootcamp-SwiftUIBootcampTests.debug.xcconfig"; path = "Target Support Files/Pods-SwiftUIBootcamp-SwiftUIBootcampTests/Pods-SwiftUIBootcamp-SwiftUIBootcampTests.debug.xcconfig"; sourceTree = "<group>"; };
		D59114B7D2441513F63DAD35 /* Pods-SwiftUIBootcamp.debug.xcconfig */ = {isa = PBXFileReference; includeInIndex = 1; lastKnownFileType = text.xcconfig; name = "Pods-SwiftUIBootcamp.debug.xcconfig"; path = "Target Support Files/Pods-SwiftUIBootcamp/Pods-SwiftUIBootcamp.debug.xcconfig"; sourceTree = "<group>"; };
		E89217EF3655C6065423DDE5 /* Pods-SwiftUIBootcampTests.release.xcconfig */ = {isa = PBXFileReference; includeInIndex = 1; lastKnownFileType = text.xcconfig; name = "Pods-SwiftUIBootcampTests.release.xcconfig"; path = "Target Support Files/Pods-SwiftUIBootcampTests/Pods-SwiftUIBootcampTests.release.xcconfig"; sourceTree = "<group>"; };
/* End PBXFileReference section */

/* Begin PBXFrameworksBuildPhase section */
		8A6C4BBD2983CDBA0035A72E /* Frameworks */ = {
			isa = PBXFrameworksBuildPhase;
			buildActionMask = 2147483647;
			files = (
				0D0E837A7A7809B8FC9F46BF /* Pods_SwiftUIBootcamp.framework in Frameworks */,
			);
			runOnlyForDeploymentPostprocessing = 0;
		};
		8A6C4BCE2983CDBD0035A72E /* Frameworks */ = {
			isa = PBXFrameworksBuildPhase;
			buildActionMask = 2147483647;
			files = (
				1E4B832A69CB349E1F21F9A5 /* Pods_SwiftUIBootcamp_SwiftUIBootcampTests.framework in Frameworks */,
			);
			runOnlyForDeploymentPostprocessing = 0;
		};
		8A6C4BD82983CDBD0035A72E /* Frameworks */ = {
			isa = PBXFrameworksBuildPhase;
			buildActionMask = 2147483647;
			files = (
				6272E93D06CA82F6688B1D11 /* Pods_SwiftUIBootcamp_SwiftUIBootcampUITests.framework in Frameworks */,
			);
			runOnlyForDeploymentPostprocessing = 0;
		};
/* End PBXFrameworksBuildPhase section */

/* Begin PBXGroup section */
		8A6C4BB72983CDBA0035A72E = {
			isa = PBXGroup;
			children = (
				8A1C732729B2014300BB8113 /* EarlGreyBridgingHeader.h */,
				8A6C4BC22983CDBA0035A72E /* SwiftUIBootcamp */,
				8A6C4BD42983CDBD0035A72E /* SwiftUIBootcampTests */,
				8A6C4BDE2983CDBD0035A72E /* SwiftUIBootcampUITests */,
				8A6C4BC12983CDBA0035A72E /* Products */,
				FAFEC88C69C78917C41EF516 /* Pods */,
				CCB191EF72E13FC91A883CFB /* Frameworks */,
			);
			sourceTree = "<group>";
		};
		8A6C4BC12983CDBA0035A72E /* Products */ = {
			isa = PBXGroup;
			children = (
				8A6C4BC02983CDBA0035A72E /* SwiftUIBootcamp.app */,
				8A6C4BD12983CDBD0035A72E /* SwiftUIBootcampTests.xctest */,
				8A6C4BDB2983CDBD0035A72E /* SwiftUIBootcampUITests.xctest */,
			);
			name = Products;
			sourceTree = "<group>";
		};
		8A6C4BC22983CDBA0035A72E /* SwiftUIBootcamp */ = {
			isa = PBXGroup;
			children = (
				8AAC0DC029AF7D5100EB5F96 /* Info.plist */,
				8AE4284A29AC8CD800556469 /* Register */,
				8AE426D129AA272800556469 /* HelloWorld */,
				8A136E81299F4BE600427AD4 /* SwiftUIBootcamp.entitlements */,
				8A6C4BC32983CDBA0035A72E /* SwiftUIBootcampApp.swift */,
				8AE4284829AC8CD200556469 /* WelcomeView.swift */,
				8A6C4BC72983CDBD0035A72E /* Assets.xcassets */,
				8A6C4BCA2983CDBD0035A72E /* Preview Content */,
			);
			path = SwiftUIBootcamp;
			sourceTree = "<group>";
		};
		8A6C4BCA2983CDBD0035A72E /* Preview Content */ = {
			isa = PBXGroup;
			children = (
				8A6C4BCB2983CDBD0035A72E /* Preview Assets.xcassets */,
			);
			path = "Preview Content";
			sourceTree = "<group>";
		};
		8A6C4BD42983CDBD0035A72E /* SwiftUIBootcampTests */ = {
			isa = PBXGroup;
			children = (
				8ABECDE0299F536C00E23159 /* RegisterViewViewModelTest.swift */,
				8A00EC5329AE2EBE00EF5809 /* RegisterViewModelXCTests.swift */,
				8A00EC5529AE344600EF5809 /* CombinePredicates.swift */,
			);
			path = SwiftUIBootcampTests;
			sourceTree = "<group>";
		};
		8A6C4BDE2983CDBD0035A72E /* SwiftUIBootcampUITests */ = {
			isa = PBXGroup;
			children = (
				8A6C4BDF2983CDBD0035A72E /* SwiftUIBootcampUITests.swift */,
				8A6C4BE12983CDBD0035A72E /* SwiftUIBootcampUITestsLaunchTests.swift */,
				8A1C732529B2011A00BB8113 /* EarlGrey.swift */,
			);
			path = SwiftUIBootcampUITests;
			sourceTree = "<group>";
		};
		8AE426D129AA272800556469 /* HelloWorld */ = {
			isa = PBXGroup;
			children = (
				8A6C4BEE2983CDDB0035A72E /* HelloWorldViewController.swift */,
				8A6C4BC52983CDBA0035A72E /* ContentView.swift */,
			);
			path = HelloWorld;
			sourceTree = "<group>";
		};
		8AE4284A29AC8CD800556469 /* Register */ = {
			isa = PBXGroup;
			children = (
				8A245CA02986826300887AC3 /* RegisterViewModel.swift */,
				8A245C9E2986816700887AC3 /* RegisterView.swift */,
				8A245CA229869ADD00887AC3 /* PhoneNumberView.swift */,
			);
			path = Register;
			sourceTree = "<group>";
		};
		CCB191EF72E13FC91A883CFB /* Frameworks */ = {
			isa = PBXGroup;
			children = (
				4F8AC1571DD3D5B142AB97CD /* Pods_SwiftUIBootcamp.framework */,
				85E026FC74060797DDCDAC7B /* Pods_SwiftUIBootcamp_SwiftUIBootcampUITests.framework */,
				92B9530A68DD820A7B7A09C9 /* Pods_SwiftUIBootcamp_SwiftUIBootcampTests.framework */,
			);
			name = Frameworks;
			sourceTree = "<group>";
		};
		FAFEC88C69C78917C41EF516 /* Pods */ = {
			isa = PBXGroup;
			children = (
				D59114B7D2441513F63DAD35 /* Pods-SwiftUIBootcamp.debug.xcconfig */,
				0F31EB026417AC666EC8C810 /* Pods-SwiftUIBootcamp.release.xcconfig */,
				988FBD857272118ED96500CD /* Pods-SwiftUIBootcamp-SwiftUIBootcampUITests.debug.xcconfig */,
				4E3C9CB65C0FE255C868165B /* Pods-SwiftUIBootcamp-SwiftUIBootcampUITests.release.xcconfig */,
				BA2AC878A7EB6D9023B61F87 /* Pods-SwiftUIBootcampTests.debug.xcconfig */,
				E89217EF3655C6065423DDE5 /* Pods-SwiftUIBootcampTests.release.xcconfig */,
				7F7C85FAE0488619A05C5210 /* Pods-SwiftUIBootcampUITests.debug.xcconfig */,
				38C534BCE7D4A80FD5972AF2 /* Pods-SwiftUIBootcampUITests.release.xcconfig */,
				CE14B926985BB7B70D08C583 /* Pods-SwiftUIBootcamp-SwiftUIBootcampTests.debug.xcconfig */,
				21DA434403F82B09F87EF578 /* Pods-SwiftUIBootcamp-SwiftUIBootcampTests.release.xcconfig */,
			);
			path = Pods;
			sourceTree = "<group>";
		};
/* End PBXGroup section */

/* Begin PBXNativeTarget section */
		8A6C4BBF2983CDBA0035A72E /* SwiftUIBootcamp */ = {
			isa = PBXNativeTarget;
			buildConfigurationList = 8A6C4BE52983CDBD0035A72E /* Build configuration list for PBXNativeTarget "SwiftUIBootcamp" */;
			buildPhases = (
				083BA06AAFC46AE083696FA5 /* [CP] Check Pods Manifest.lock */,
				8A6C4BBC2983CDBA0035A72E /* Sources */,
				8A6C4BBD2983CDBA0035A72E /* Frameworks */,
				8A6C4BBE2983CDBA0035A72E /* Resources */,
				226E1FD6524267011AD478EE /* [CP] Embed Pods Frameworks */,
			);
			buildRules = (
			);
			dependencies = (
			);
			name = SwiftUIBootcamp;
			productName = SwiftUIBootcamp;
			productReference = 8A6C4BC02983CDBA0035A72E /* SwiftUIBootcamp.app */;
			productType = "com.apple.product-type.application";
		};
		8A6C4BD02983CDBD0035A72E /* SwiftUIBootcampTests */ = {
			isa = PBXNativeTarget;
			buildConfigurationList = 8A6C4BE82983CDBD0035A72E /* Build configuration list for PBXNativeTarget "SwiftUIBootcampTests" */;
			buildPhases = (
				D69C945024D0F99618F401A6 /* [CP] Check Pods Manifest.lock */,
				8A6C4BCD2983CDBD0035A72E /* Sources */,
				8A6C4BCE2983CDBD0035A72E /* Frameworks */,
				8A6C4BCF2983CDBD0035A72E /* Resources */,
				AF94451EAFCF4A1306AC599B /* [CP] Embed Pods Frameworks */,
			);
			buildRules = (
			);
			dependencies = (
				8A6C4BD32983CDBD0035A72E /* PBXTargetDependency */,
			);
			name = SwiftUIBootcampTests;
			productName = SwiftUIBootcampTests;
			productReference = 8A6C4BD12983CDBD0035A72E /* SwiftUIBootcampTests.xctest */;
			productType = "com.apple.product-type.bundle.unit-test";
		};
		8A6C4BDA2983CDBD0035A72E /* SwiftUIBootcampUITests */ = {
			isa = PBXNativeTarget;
			buildConfigurationList = 8A6C4BEB2983CDBD0035A72E /* Build configuration list for PBXNativeTarget "SwiftUIBootcampUITests" */;
			buildPhases = (
				5AF1D251144607052D13FD63 /* [CP] Check Pods Manifest.lock */,
				8A6C4BD72983CDBD0035A72E /* Sources */,
				8A6C4BD82983CDBD0035A72E /* Frameworks */,
				8A6C4BD92983CDBD0035A72E /* Resources */,
				FC49EB36FDB14BF31C0BFA3C /* [CP] Embed Pods Frameworks */,
			);
			buildRules = (
			);
			dependencies = (
				8A6C4BDD2983CDBD0035A72E /* PBXTargetDependency */,
			);
			name = SwiftUIBootcampUITests;
			productName = SwiftUIBootcampUITests;
			productReference = 8A6C4BDB2983CDBD0035A72E /* SwiftUIBootcampUITests.xctest */;
			productType = "com.apple.product-type.bundle.ui-testing";
		};
/* End PBXNativeTarget section */

/* Begin PBXProject section */
		8A6C4BB82983CDBA0035A72E /* Project object */ = {
			isa = PBXProject;
			attributes = {
				BuildIndependentTargetsInParallel = 1;
				LastSwiftUpdateCheck = 1400;
				LastUpgradeCheck = 1400;
				TargetAttributes = {
					8A6C4BBF2983CDBA0035A72E = {
						CreatedOnToolsVersion = 14.0.1;
					};
					8A6C4BD02983CDBD0035A72E = {
						CreatedOnToolsVersion = 14.0.1;
						LastSwiftMigration = 1400;
						TestTargetID = 8A6C4BBF2983CDBA0035A72E;
					};
					8A6C4BDA2983CDBD0035A72E = {
						CreatedOnToolsVersion = 14.0.1;
						TestTargetID = 8A6C4BBF2983CDBA0035A72E;
					};
				};
			};
			buildConfigurationList = 8A6C4BBB2983CDBA0035A72E /* Build configuration list for PBXProject "SwiftUIBootcamp" */;
			compatibilityVersion = "Xcode 14.0";
			developmentRegion = en;
			hasScannedForEncodings = 0;
			knownRegions = (
				en,
				Base,
			);
			mainGroup = 8A6C4BB72983CDBA0035A72E;
			productRefGroup = 8A6C4BC12983CDBA0035A72E /* Products */;
			projectDirPath = "";
			projectRoot = "";
			targets = (
				8A6C4BBF2983CDBA0035A72E /* SwiftUIBootcamp */,
				8A6C4BD02983CDBD0035A72E /* SwiftUIBootcampTests */,
				8A6C4BDA2983CDBD0035A72E /* SwiftUIBootcampUITests */,
			);
		};
/* End PBXProject section */

/* Begin PBXResourcesBuildPhase section */
		8A6C4BBE2983CDBA0035A72E /* Resources */ = {
			isa = PBXResourcesBuildPhase;
			buildActionMask = 2147483647;
			files = (
				8A6C4BCC2983CDBD0035A72E /* Preview Assets.xcassets in Resources */,
				8A6C4BC82983CDBD0035A72E /* Assets.xcassets in Resources */,
			);
			runOnlyForDeploymentPostprocessing = 0;
		};
		8A6C4BCF2983CDBD0035A72E /* Resources */ = {
			isa = PBXResourcesBuildPhase;
			buildActionMask = 2147483647;
			files = (
			);
			runOnlyForDeploymentPostprocessing = 0;
		};
		8A6C4BD92983CDBD0035A72E /* Resources */ = {
			isa = PBXResourcesBuildPhase;
			buildActionMask = 2147483647;
			files = (
			);
			runOnlyForDeploymentPostprocessing = 0;
		};
/* End PBXResourcesBuildPhase section */

/* Begin PBXShellScriptBuildPhase section */
		083BA06AAFC46AE083696FA5 /* [CP] Check Pods Manifest.lock */ = {
			isa = PBXShellScriptBuildPhase;
			buildActionMask = 2147483647;
			files = (
			);
			inputFileListPaths = (
			);
			inputPaths = (
				"${PODS_PODFILE_DIR_PATH}/Podfile.lock",
				"${PODS_ROOT}/Manifest.lock",
			);
			name = "[CP] Check Pods Manifest.lock";
			outputFileListPaths = (
			);
			outputPaths = (
				"$(DERIVED_FILE_DIR)/Pods-SwiftUIBootcamp-checkManifestLockResult.txt",
			);
			runOnlyForDeploymentPostprocessing = 0;
			shellPath = /bin/sh;
			shellScript = "diff \"${PODS_PODFILE_DIR_PATH}/Podfile.lock\" \"${PODS_ROOT}/Manifest.lock\" > /dev/null\nif [ $? != 0 ] ; then\n    # print error to STDERR\n    echo \"error: The sandbox is not in sync with the Podfile.lock. Run 'pod install' or update your CocoaPods installation.\" >&2\n    exit 1\nfi\n# This output is used by Xcode 'outputs' to avoid re-running this script phase.\necho \"SUCCESS\" > \"${SCRIPT_OUTPUT_FILE_0}\"\n";
			showEnvVarsInLog = 0;
		};
		226E1FD6524267011AD478EE /* [CP] Embed Pods Frameworks */ = {
			isa = PBXShellScriptBuildPhase;
			buildActionMask = 2147483647;
			files = (
			);
			inputFileListPaths = (
				"${PODS_ROOT}/Target Support Files/Pods-SwiftUIBootcamp/Pods-SwiftUIBootcamp-frameworks-${CONFIGURATION}-input-files.xcfilelist",
			);
			name = "[CP] Embed Pods Frameworks";
			outputFileListPaths = (
				"${PODS_ROOT}/Target Support Files/Pods-SwiftUIBootcamp/Pods-SwiftUIBootcamp-frameworks-${CONFIGURATION}-output-files.xcfilelist",
			);
			runOnlyForDeploymentPostprocessing = 0;
			shellPath = /bin/sh;
			shellScript = "\"${PODS_ROOT}/Target Support Files/Pods-SwiftUIBootcamp/Pods-SwiftUIBootcamp-frameworks.sh\"\n";
			showEnvVarsInLog = 0;
		};
		5AF1D251144607052D13FD63 /* [CP] Check Pods Manifest.lock */ = {
			isa = PBXShellScriptBuildPhase;
			buildActionMask = 2147483647;
			files = (
			);
			inputFileListPaths = (
			);
			inputPaths = (
				"${PODS_PODFILE_DIR_PATH}/Podfile.lock",
				"${PODS_ROOT}/Manifest.lock",
			);
			name = "[CP] Check Pods Manifest.lock";
			outputFileListPaths = (
			);
			outputPaths = (
				"$(DERIVED_FILE_DIR)/Pods-SwiftUIBootcamp-SwiftUIBootcampUITests-checkManifestLockResult.txt",
			);
			runOnlyForDeploymentPostprocessing = 0;
			shellPath = /bin/sh;
			shellScript = "diff \"${PODS_PODFILE_DIR_PATH}/Podfile.lock\" \"${PODS_ROOT}/Manifest.lock\" > /dev/null\nif [ $? != 0 ] ; then\n    # print error to STDERR\n    echo \"error: The sandbox is not in sync with the Podfile.lock. Run 'pod install' or update your CocoaPods installation.\" >&2\n    exit 1\nfi\n# This output is used by Xcode 'outputs' to avoid re-running this script phase.\necho \"SUCCESS\" > \"${SCRIPT_OUTPUT_FILE_0}\"\n";
			showEnvVarsInLog = 0;
		};
		AF94451EAFCF4A1306AC599B /* [CP] Embed Pods Frameworks */ = {
			isa = PBXShellScriptBuildPhase;
			buildActionMask = 2147483647;
			files = (
			);
			inputFileListPaths = (
				"${PODS_ROOT}/Target Support Files/Pods-SwiftUIBootcamp-SwiftUIBootcampTests/Pods-SwiftUIBootcamp-SwiftUIBootcampTests-frameworks-${CONFIGURATION}-input-files.xcfilelist",
			);
			name = "[CP] Embed Pods Frameworks";
			outputFileListPaths = (
				"${PODS_ROOT}/Target Support Files/Pods-SwiftUIBootcamp-SwiftUIBootcampTests/Pods-SwiftUIBootcamp-SwiftUIBootcampTests-frameworks-${CONFIGURATION}-output-files.xcfilelist",
			);
			runOnlyForDeploymentPostprocessing = 0;
			shellPath = /bin/sh;
			shellScript = "\"${PODS_ROOT}/Target Support Files/Pods-SwiftUIBootcamp-SwiftUIBootcampTests/Pods-SwiftUIBootcamp-SwiftUIBootcampTests-frameworks.sh\"\n";
			showEnvVarsInLog = 0;
		};
		D69C945024D0F99618F401A6 /* [CP] Check Pods Manifest.lock */ = {
			isa = PBXShellScriptBuildPhase;
			buildActionMask = 2147483647;
			files = (
			);
			inputFileListPaths = (
			);
			inputPaths = (
				"${PODS_PODFILE_DIR_PATH}/Podfile.lock",
				"${PODS_ROOT}/Manifest.lock",
			);
			name = "[CP] Check Pods Manifest.lock";
			outputFileListPaths = (
			);
			outputPaths = (
				"$(DERIVED_FILE_DIR)/Pods-SwiftUIBootcamp-SwiftUIBootcampTests-checkManifestLockResult.txt",
			);
			runOnlyForDeploymentPostprocessing = 0;
			shellPath = /bin/sh;
			shellScript = "diff \"${PODS_PODFILE_DIR_PATH}/Podfile.lock\" \"${PODS_ROOT}/Manifest.lock\" > /dev/null\nif [ $? != 0 ] ; then\n    # print error to STDERR\n    echo \"error: The sandbox is not in sync with the Podfile.lock. Run 'pod install' or update your CocoaPods installation.\" >&2\n    exit 1\nfi\n# This output is used by Xcode 'outputs' to avoid re-running this script phase.\necho \"SUCCESS\" > \"${SCRIPT_OUTPUT_FILE_0}\"\n";
			showEnvVarsInLog = 0;
		};
		FC49EB36FDB14BF31C0BFA3C /* [CP] Embed Pods Frameworks */ = {
			isa = PBXShellScriptBuildPhase;
			buildActionMask = 2147483647;
			files = (
			);
			inputFileListPaths = (
				"${PODS_ROOT}/Target Support Files/Pods-SwiftUIBootcamp-SwiftUIBootcampUITests/Pods-SwiftUIBootcamp-SwiftUIBootcampUITests-frameworks-${CONFIGURATION}-input-files.xcfilelist",
			);
			name = "[CP] Embed Pods Frameworks";
			outputFileListPaths = (
				"${PODS_ROOT}/Target Support Files/Pods-SwiftUIBootcamp-SwiftUIBootcampUITests/Pods-SwiftUIBootcamp-SwiftUIBootcampUITests-frameworks-${CONFIGURATION}-output-files.xcfilelist",
			);
			runOnlyForDeploymentPostprocessing = 0;
			shellPath = /bin/sh;
			shellScript = "\"${PODS_ROOT}/Target Support Files/Pods-SwiftUIBootcamp-SwiftUIBootcampUITests/Pods-SwiftUIBootcamp-SwiftUIBootcampUITests-frameworks.sh\"\n";
			showEnvVarsInLog = 0;
		};
/* End PBXShellScriptBuildPhase section */

/* Begin PBXSourcesBuildPhase section */
		8A6C4BBC2983CDBA0035A72E /* Sources */ = {
			isa = PBXSourcesBuildPhase;
			buildActionMask = 2147483647;
			files = (
				8A245CA329869ADD00887AC3 /* PhoneNumberView.swift in Sources */,
				8A6C4BC62983CDBA0035A72E /* ContentView.swift in Sources */,
				8A245CA12986826300887AC3 /* RegisterViewModel.swift in Sources */,
				8A245C9F2986816700887AC3 /* RegisterView.swift in Sources */,
				8A6C4BC42983CDBA0035A72E /* SwiftUIBootcampApp.swift in Sources */,
				8A6C4BEF2983CDDB0035A72E /* HelloWorldViewController.swift in Sources */,
				8AE4284929AC8CD200556469 /* WelcomeView.swift in Sources */,
			);
			runOnlyForDeploymentPostprocessing = 0;
		};
		8A6C4BCD2983CDBD0035A72E /* Sources */ = {
			isa = PBXSourcesBuildPhase;
			buildActionMask = 2147483647;
			files = (
				8A00EC5629AE344600EF5809 /* CombinePredicates.swift in Sources */,
				8A00EC5429AE2EBE00EF5809 /* RegisterViewModelXCTests.swift in Sources */,
				8ABECDE1299F536C00E23159 /* RegisterViewViewModelTest.swift in Sources */,
			);
			runOnlyForDeploymentPostprocessing = 0;
		};
		8A6C4BD72983CDBD0035A72E /* Sources */ = {
			isa = PBXSourcesBuildPhase;
			buildActionMask = 2147483647;
			files = (
				8A6C4BE02983CDBD0035A72E /* SwiftUIBootcampUITests.swift in Sources */,
				8A6C4BE22983CDBD0035A72E /* SwiftUIBootcampUITestsLaunchTests.swift in Sources */,
				8A1C732629B2011A00BB8113 /* EarlGrey.swift in Sources */,
			);
			runOnlyForDeploymentPostprocessing = 0;
		};
/* End PBXSourcesBuildPhase section */

/* Begin PBXTargetDependency section */
		8A6C4BD32983CDBD0035A72E /* PBXTargetDependency */ = {
			isa = PBXTargetDependency;
			target = 8A6C4BBF2983CDBA0035A72E /* SwiftUIBootcamp */;
			targetProxy = 8A6C4BD22983CDBD0035A72E /* PBXContainerItemProxy */;
		};
		8A6C4BDD2983CDBD0035A72E /* PBXTargetDependency */ = {
			isa = PBXTargetDependency;
			target = 8A6C4BBF2983CDBA0035A72E /* SwiftUIBootcamp */;
			targetProxy = 8A6C4BDC2983CDBD0035A72E /* PBXContainerItemProxy */;
		};
/* End PBXTargetDependency section */

/* Begin XCBuildConfiguration section */
		8A6C4BE32983CDBD0035A72E /* Debug */ = {
			isa = XCBuildConfiguration;
			buildSettings = {
				ALWAYS_SEARCH_USER_PATHS = NO;
				CLANG_ANALYZER_NONNULL = YES;
				CLANG_ANALYZER_NUMBER_OBJECT_CONVERSION = YES_AGGRESSIVE;
				CLANG_CXX_LANGUAGE_STANDARD = "gnu++20";
				CLANG_ENABLE_MODULES = YES;
				CLANG_ENABLE_OBJC_ARC = YES;
				CLANG_ENABLE_OBJC_WEAK = YES;
				CLANG_WARN_BLOCK_CAPTURE_AUTORELEASING = YES;
				CLANG_WARN_BOOL_CONVERSION = YES;
				CLANG_WARN_COMMA = YES;
				CLANG_WARN_CONSTANT_CONVERSION = YES;
				CLANG_WARN_DEPRECATED_OBJC_IMPLEMENTATIONS = YES;
				CLANG_WARN_DIRECT_OBJC_ISA_USAGE = YES_ERROR;
				CLANG_WARN_DOCUMENTATION_COMMENTS = YES;
				CLANG_WARN_EMPTY_BODY = YES;
				CLANG_WARN_ENUM_CONVERSION = YES;
				CLANG_WARN_INFINITE_RECURSION = YES;
				CLANG_WARN_INT_CONVERSION = YES;
				CLANG_WARN_NON_LITERAL_NULL_CONVERSION = YES;
				CLANG_WARN_OBJC_IMPLICIT_RETAIN_SELF = YES;
				CLANG_WARN_OBJC_LITERAL_CONVERSION = YES;
				CLANG_WARN_OBJC_ROOT_CLASS = YES_ERROR;
				CLANG_WARN_QUOTED_INCLUDE_IN_FRAMEWORK_HEADER = YES;
				CLANG_WARN_RANGE_LOOP_ANALYSIS = YES;
				CLANG_WARN_STRICT_PROTOTYPES = YES;
				CLANG_WARN_SUSPICIOUS_MOVE = YES;
				CLANG_WARN_UNGUARDED_AVAILABILITY = YES_AGGRESSIVE;
				CLANG_WARN_UNREACHABLE_CODE = YES;
				CLANG_WARN__DUPLICATE_METHOD_MATCH = YES;
				COPY_PHASE_STRIP = NO;
				DEBUG_INFORMATION_FORMAT = dwarf;
				ENABLE_STRICT_OBJC_MSGSEND = YES;
				ENABLE_TESTABILITY = YES;
				GCC_C_LANGUAGE_STANDARD = gnu11;
				GCC_DYNAMIC_NO_PIC = NO;
				GCC_NO_COMMON_BLOCKS = YES;
				GCC_OPTIMIZATION_LEVEL = 0;
				GCC_PREPROCESSOR_DEFINITIONS = (
					"DEBUG=1",
					"$(inherited)",
				);
				GCC_WARN_64_TO_32_BIT_CONVERSION = YES;
				GCC_WARN_ABOUT_RETURN_TYPE = YES_ERROR;
				GCC_WARN_UNDECLARED_SELECTOR = YES;
				GCC_WARN_UNINITIALIZED_AUTOS = YES_AGGRESSIVE;
				GCC_WARN_UNUSED_FUNCTION = YES;
				GCC_WARN_UNUSED_VARIABLE = YES;
				MTL_ENABLE_DEBUG_INFO = INCLUDE_SOURCE;
				MTL_FAST_MATH = YES;
				ONLY_ACTIVE_ARCH = YES;
				SDKROOT = iphoneos;
				SUPPORTED_PLATFORMS = "iphonesimulator iphoneos";
				SWIFT_ACTIVE_COMPILATION_CONDITIONS = DEBUG;
				SWIFT_OPTIMIZATION_LEVEL = "-Onone";
			};
			name = Debug;
		};
		8A6C4BE42983CDBD0035A72E /* Release */ = {
			isa = XCBuildConfiguration;
			buildSettings = {
				ALWAYS_SEARCH_USER_PATHS = NO;
				CLANG_ANALYZER_NONNULL = YES;
				CLANG_ANALYZER_NUMBER_OBJECT_CONVERSION = YES_AGGRESSIVE;
				CLANG_CXX_LANGUAGE_STANDARD = "gnu++20";
				CLANG_ENABLE_MODULES = YES;
				CLANG_ENABLE_OBJC_ARC = YES;
				CLANG_ENABLE_OBJC_WEAK = YES;
				CLANG_WARN_BLOCK_CAPTURE_AUTORELEASING = YES;
				CLANG_WARN_BOOL_CONVERSION = YES;
				CLANG_WARN_COMMA = YES;
				CLANG_WARN_CONSTANT_CONVERSION = YES;
				CLANG_WARN_DEPRECATED_OBJC_IMPLEMENTATIONS = YES;
				CLANG_WARN_DIRECT_OBJC_ISA_USAGE = YES_ERROR;
				CLANG_WARN_DOCUMENTATION_COMMENTS = YES;
				CLANG_WARN_EMPTY_BODY = YES;
				CLANG_WARN_ENUM_CONVERSION = YES;
				CLANG_WARN_INFINITE_RECURSION = YES;
				CLANG_WARN_INT_CONVERSION = YES;
				CLANG_WARN_NON_LITERAL_NULL_CONVERSION = YES;
				CLANG_WARN_OBJC_IMPLICIT_RETAIN_SELF = YES;
				CLANG_WARN_OBJC_LITERAL_CONVERSION = YES;
				CLANG_WARN_OBJC_ROOT_CLASS = YES_ERROR;
				CLANG_WARN_QUOTED_INCLUDE_IN_FRAMEWORK_HEADER = YES;
				CLANG_WARN_RANGE_LOOP_ANALYSIS = YES;
				CLANG_WARN_STRICT_PROTOTYPES = YES;
				CLANG_WARN_SUSPICIOUS_MOVE = YES;
				CLANG_WARN_UNGUARDED_AVAILABILITY = YES_AGGRESSIVE;
				CLANG_WARN_UNREACHABLE_CODE = YES;
				CLANG_WARN__DUPLICATE_METHOD_MATCH = YES;
				COPY_PHASE_STRIP = NO;
				DEBUG_INFORMATION_FORMAT = "dwarf-with-dsym";
				ENABLE_NS_ASSERTIONS = NO;
				ENABLE_STRICT_OBJC_MSGSEND = YES;
				GCC_C_LANGUAGE_STANDARD = gnu11;
				GCC_NO_COMMON_BLOCKS = YES;
				GCC_WARN_64_TO_32_BIT_CONVERSION = YES;
				GCC_WARN_ABOUT_RETURN_TYPE = YES_ERROR;
				GCC_WARN_UNDECLARED_SELECTOR = YES;
				GCC_WARN_UNINITIALIZED_AUTOS = YES_AGGRESSIVE;
				GCC_WARN_UNUSED_FUNCTION = YES;
				GCC_WARN_UNUSED_VARIABLE = YES;
				MTL_ENABLE_DEBUG_INFO = NO;
				MTL_FAST_MATH = YES;
				SDKROOT = iphoneos;
				SUPPORTED_PLATFORMS = "iphonesimulator iphoneos";
				SWIFT_COMPILATION_MODE = wholemodule;
				SWIFT_OPTIMIZATION_LEVEL = "-O";
			};
			name = Release;
		};
		8A6C4BE62983CDBD0035A72E /* Debug */ = {
			isa = XCBuildConfiguration;
			baseConfigurationReference = D59114B7D2441513F63DAD35 /* Pods-SwiftUIBootcamp.debug.xcconfig */;
			buildSettings = {
				ALWAYS_EMBED_SWIFT_STANDARD_LIBRARIES = "$(inherited)";
				ASSETCATALOG_COMPILER_APPICON_NAME = AppIcon;
				ASSETCATALOG_COMPILER_GLOBAL_ACCENT_COLOR_NAME = AccentColor;
				CODE_SIGN_ENTITLEMENTS = SwiftUIBootcamp/SwiftUIBootcamp.entitlements;
				CODE_SIGN_INJECT_BASE_ENTITLEMENTS = NO;
				CODE_SIGN_STYLE = Automatic;
				CURRENT_PROJECT_VERSION = 1;
				DEVELOPMENT_ASSET_PATHS = "\"SwiftUIBootcamp/Preview Content\"";
				ENABLE_PREVIEWS = YES;
				GENERATE_INFOPLIST_FILE = YES;
				INFOPLIST_FILE = SwiftUIBootcamp/Info.plist;
				INFOPLIST_KEY_UIApplicationSceneManifest_Generation = YES;
				"INFOPLIST_KEY_UIApplicationSceneManifest_Generation[sdk=iphoneos*]" = YES;
				"INFOPLIST_KEY_UIApplicationSceneManifest_Generation[sdk=iphonesimulator*]" = YES;
				INFOPLIST_KEY_UIApplicationSupportsIndirectInputEvents = YES;
				"INFOPLIST_KEY_UIApplicationSupportsIndirectInputEvents[sdk=iphoneos*]" = YES;
				"INFOPLIST_KEY_UIApplicationSupportsIndirectInputEvents[sdk=iphonesimulator*]" = YES;
				INFOPLIST_KEY_UILaunchScreen_Generation = YES;
				"INFOPLIST_KEY_UILaunchScreen_Generation[sdk=iphoneos*]" = YES;
				"INFOPLIST_KEY_UILaunchScreen_Generation[sdk=iphonesimulator*]" = YES;
				INFOPLIST_KEY_UIStatusBarStyle = UIStatusBarStyleLightContent;
				"INFOPLIST_KEY_UIStatusBarStyle[sdk=iphoneos*]" = UIStatusBarStyleDefault;
				"INFOPLIST_KEY_UIStatusBarStyle[sdk=iphonesimulator*]" = UIStatusBarStyleDefault;
				INFOPLIST_KEY_UISupportedInterfaceOrientations = UIInterfaceOrientationPortrait;
				IPHONEOS_DEPLOYMENT_TARGET = 14.5;
				LD_RUNPATH_SEARCH_PATHS = "$(inherited)";
				"LD_RUNPATH_SEARCH_PATHS[sdk=macosx*]" = "@executable_path/../Frameworks";
				MACOSX_DEPLOYMENT_TARGET = 12.3;
				MARKETING_VERSION = 1.0;
				PRODUCT_BUNDLE_IDENTIFIER = com.SwiftUIBootcamp;
				PRODUCT_NAME = "$(TARGET_NAME)";
				SDKROOT = iphoneos;
				SUPPORTED_PLATFORMS = "iphoneos iphonesimulator";
				SUPPORTS_MACCATALYST = NO;
				SUPPORTS_MAC_DESIGNED_FOR_IPHONE_IPAD = NO;
				SWIFT_EMIT_LOC_STRINGS = YES;
				SWIFT_VERSION = 5.0;
				TARGETED_DEVICE_FAMILY = 1;
			};
			name = Debug;
		};
		8A6C4BE72983CDBD0035A72E /* Release */ = {
			isa = XCBuildConfiguration;
			baseConfigurationReference = 0F31EB026417AC666EC8C810 /* Pods-SwiftUIBootcamp.release.xcconfig */;
			buildSettings = {
				ALWAYS_EMBED_SWIFT_STANDARD_LIBRARIES = "$(inherited)";
				ASSETCATALOG_COMPILER_APPICON_NAME = AppIcon;
				ASSETCATALOG_COMPILER_GLOBAL_ACCENT_COLOR_NAME = AccentColor;
				CODE_SIGN_ENTITLEMENTS = SwiftUIBootcamp/SwiftUIBootcamp.entitlements;
				CODE_SIGN_INJECT_BASE_ENTITLEMENTS = NO;
				CODE_SIGN_STYLE = Automatic;
				CURRENT_PROJECT_VERSION = 1;
				DEVELOPMENT_ASSET_PATHS = "\"SwiftUIBootcamp/Preview Content\"";
				ENABLE_PREVIEWS = YES;
				GENERATE_INFOPLIST_FILE = YES;
				INFOPLIST_FILE = SwiftUIBootcamp/Info.plist;
				INFOPLIST_KEY_UIApplicationSceneManifest_Generation = YES;
				"INFOPLIST_KEY_UIApplicationSceneManifest_Generation[sdk=iphoneos*]" = YES;
				"INFOPLIST_KEY_UIApplicationSceneManifest_Generation[sdk=iphonesimulator*]" = YES;
				INFOPLIST_KEY_UIApplicationSupportsIndirectInputEvents = YES;
				"INFOPLIST_KEY_UIApplicationSupportsIndirectInputEvents[sdk=iphoneos*]" = YES;
				"INFOPLIST_KEY_UIApplicationSupportsIndirectInputEvents[sdk=iphonesimulator*]" = YES;
				INFOPLIST_KEY_UILaunchScreen_Generation = YES;
				"INFOPLIST_KEY_UILaunchScreen_Generation[sdk=iphoneos*]" = YES;
				"INFOPLIST_KEY_UILaunchScreen_Generation[sdk=iphonesimulator*]" = YES;
				INFOPLIST_KEY_UIStatusBarStyle = UIStatusBarStyleLightContent;
				"INFOPLIST_KEY_UIStatusBarStyle[sdk=iphoneos*]" = UIStatusBarStyleDefault;
				"INFOPLIST_KEY_UIStatusBarStyle[sdk=iphonesimulator*]" = UIStatusBarStyleDefault;
				INFOPLIST_KEY_UISupportedInterfaceOrientations = UIInterfaceOrientationPortrait;
				IPHONEOS_DEPLOYMENT_TARGET = 14.5;
				LD_RUNPATH_SEARCH_PATHS = "$(inherited)";
				"LD_RUNPATH_SEARCH_PATHS[sdk=macosx*]" = "@executable_path/../Frameworks";
				MACOSX_DEPLOYMENT_TARGET = 12.3;
				MARKETING_VERSION = 1.0;
				PRODUCT_BUNDLE_IDENTIFIER = com.SwiftUIBootcamp;
				PRODUCT_NAME = "$(TARGET_NAME)";
				SDKROOT = iphoneos;
				SUPPORTED_PLATFORMS = "iphoneos iphonesimulator";
				SUPPORTS_MACCATALYST = NO;
				SUPPORTS_MAC_DESIGNED_FOR_IPHONE_IPAD = NO;
				SWIFT_EMIT_LOC_STRINGS = YES;
				SWIFT_VERSION = 5.0;
				TARGETED_DEVICE_FAMILY = 1;
			};
			name = Release;
		};
		8A6C4BE92983CDBD0035A72E /* Debug */ = {
			isa = XCBuildConfiguration;
			baseConfigurationReference = CE14B926985BB7B70D08C583 /* Pods-SwiftUIBootcamp-SwiftUIBootcampTests.debug.xcconfig */;
			buildSettings = {
				ALWAYS_EMBED_SWIFT_STANDARD_LIBRARIES = "$(inherited)";
				BUNDLE_LOADER = "$(TEST_HOST)";
				CLANG_ENABLE_MODULES = YES;
				CODE_SIGN_STYLE = Automatic;
				CURRENT_PROJECT_VERSION = 1;
				GENERATE_INFOPLIST_FILE = YES;
				IPHONEOS_DEPLOYMENT_TARGET = 14.5;
				LD_RUNPATH_SEARCH_PATHS = (
					"$(inherited)",
					"@executable_path/Frameworks",
					"@loader_path/Frameworks",
				);
				MACOSX_DEPLOYMENT_TARGET = 12.3;
				MARKETING_VERSION = 1.0;
				PRODUCT_BUNDLE_IDENTIFIER = com.SwiftUIBootcampTests;
				PRODUCT_NAME = "$(TARGET_NAME)";
				SDKROOT = auto;
				SUPPORTED_PLATFORMS = "iphoneos iphonesimulator";
				SUPPORTS_MACCATALYST = NO;
				SUPPORTS_MAC_DESIGNED_FOR_IPHONE_IPAD = NO;
				SWIFT_EMIT_LOC_STRINGS = NO;
				SWIFT_OPTIMIZATION_LEVEL = "-Onone";
				SWIFT_VERSION = 5.0;
				TARGETED_DEVICE_FAMILY = 1;
				TEST_HOST = "$(BUILT_PRODUCTS_DIR)/SwiftUIBootcamp.app/$(BUNDLE_EXECUTABLE_FOLDER_PATH)/SwiftUIBootcamp";
			};
			name = Debug;
		};
		8A6C4BEA2983CDBD0035A72E /* Release */ = {
			isa = XCBuildConfiguration;
			baseConfigurationReference = 21DA434403F82B09F87EF578 /* Pods-SwiftUIBootcamp-SwiftUIBootcampTests.release.xcconfig */;
			buildSettings = {
				ALWAYS_EMBED_SWIFT_STANDARD_LIBRARIES = "$(inherited)";
				BUNDLE_LOADER = "$(TEST_HOST)";
				CLANG_ENABLE_MODULES = YES;
				CODE_SIGN_STYLE = Automatic;
				CURRENT_PROJECT_VERSION = 1;
				GENERATE_INFOPLIST_FILE = YES;
				IPHONEOS_DEPLOYMENT_TARGET = 14.5;
				LD_RUNPATH_SEARCH_PATHS = (
					"$(inherited)",
					"@executable_path/Frameworks",
					"@loader_path/Frameworks",
				);
				MACOSX_DEPLOYMENT_TARGET = 12.3;
				MARKETING_VERSION = 1.0;
				PRODUCT_BUNDLE_IDENTIFIER = com.SwiftUIBootcampTests;
				PRODUCT_NAME = "$(TARGET_NAME)";
				SDKROOT = auto;
				SUPPORTED_PLATFORMS = "iphoneos iphonesimulator";
				SUPPORTS_MACCATALYST = NO;
				SUPPORTS_MAC_DESIGNED_FOR_IPHONE_IPAD = NO;
				SWIFT_EMIT_LOC_STRINGS = NO;
				SWIFT_VERSION = 5.0;
				TARGETED_DEVICE_FAMILY = 1;
				TEST_HOST = "$(BUILT_PRODUCTS_DIR)/SwiftUIBootcamp.app/$(BUNDLE_EXECUTABLE_FOLDER_PATH)/SwiftUIBootcamp";
			};
			name = Release;
		};
		8A6C4BEC2983CDBD0035A72E /* Debug */ = {
			isa = XCBuildConfiguration;
			baseConfigurationReference = 988FBD857272118ED96500CD /* Pods-SwiftUIBootcamp-SwiftUIBootcampUITests.debug.xcconfig */;
			buildSettings = {
				ALWAYS_EMBED_SWIFT_STANDARD_LIBRARIES = "$(inherited)";
				CODE_SIGN_STYLE = Automatic;
				CURRENT_PROJECT_VERSION = 1;
				GENERATE_INFOPLIST_FILE = YES;
				IPHONEOS_DEPLOYMENT_TARGET = 14.5;
				MACOSX_DEPLOYMENT_TARGET = 12.3;
				MARKETING_VERSION = 1.0;
				PRODUCT_BUNDLE_IDENTIFIER = com.SwiftUIBootcampUITests;
				PRODUCT_NAME = "$(TARGET_NAME)";
				SDKROOT = iphoneos;
				SUPPORTED_PLATFORMS = "iphoneos iphonesimulator";
				SUPPORTS_MACCATALYST = NO;
				SUPPORTS_MAC_DESIGNED_FOR_IPHONE_IPAD = NO;
				SWIFT_EMIT_LOC_STRINGS = NO;
				SWIFT_OBJC_BRIDGING_HEADER = EarlGreyBridgingHeader.h;
				SWIFT_VERSION = 5.0;
				TARGETED_DEVICE_FAMILY = 1;
				TEST_TARGET_NAME = SwiftUIBootcamp;
			};
			name = Debug;
		};
		8A6C4BED2983CDBD0035A72E /* Release */ = {
			isa = XCBuildConfiguration;
			baseConfigurationReference = 4E3C9CB65C0FE255C868165B /* Pods-SwiftUIBootcamp-SwiftUIBootcampUITests.release.xcconfig */;
			buildSettings = {
				ALWAYS_EMBED_SWIFT_STANDARD_LIBRARIES = "$(inherited)";
				CODE_SIGN_STYLE = Automatic;
				CURRENT_PROJECT_VERSION = 1;
				GENERATE_INFOPLIST_FILE = YES;
				IPHONEOS_DEPLOYMENT_TARGET = 14.5;
				MACOSX_DEPLOYMENT_TARGET = 12.3;
				MARKETING_VERSION = 1.0;
				PRODUCT_BUNDLE_IDENTIFIER = com.SwiftUIBootcampUITests;
				PRODUCT_NAME = "$(TARGET_NAME)";
				SDKROOT = iphoneos;
				SUPPORTED_PLATFORMS = "iphoneos iphonesimulator";
				SUPPORTS_MACCATALYST = NO;
				SUPPORTS_MAC_DESIGNED_FOR_IPHONE_IPAD = NO;
				SWIFT_EMIT_LOC_STRINGS = NO;
				SWIFT_OBJC_BRIDGING_HEADER = EarlGreyBridgingHeader.h;
				SWIFT_VERSION = 5.0;
				TARGETED_DEVICE_FAMILY = 1;
				TEST_TARGET_NAME = SwiftUIBootcamp;
			};
			name = Release;
		};
/* End XCBuildConfiguration section */

/* Begin XCConfigurationList section */
		8A6C4BBB2983CDBA0035A72E /* Build configuration list for PBXProject "SwiftUIBootcamp" */ = {
			isa = XCConfigurationList;
			buildConfigurations = (
				8A6C4BE32983CDBD0035A72E /* Debug */,
				8A6C4BE42983CDBD0035A72E /* Release */,
			);
			defaultConfigurationIsVisible = 0;
			defaultConfigurationName = Release;
		};
		8A6C4BE52983CDBD0035A72E /* Build configuration list for PBXNativeTarget "SwiftUIBootcamp" */ = {
			isa = XCConfigurationList;
			buildConfigurations = (
				8A6C4BE62983CDBD0035A72E /* Debug */,
				8A6C4BE72983CDBD0035A72E /* Release */,
			);
			defaultConfigurationIsVisible = 0;
			defaultConfigurationName = Release;
		};
		8A6C4BE82983CDBD0035A72E /* Build configuration list for PBXNativeTarget "SwiftUIBootcampTests" */ = {
			isa = XCConfigurationList;
			buildConfigurations = (
				8A6C4BE92983CDBD0035A72E /* Debug */,
				8A6C4BEA2983CDBD0035A72E /* Release */,
			);
			defaultConfigurationIsVisible = 0;
			defaultConfigurationName = Release;
		};
		8A6C4BEB2983CDBD0035A72E /* Build configuration list for PBXNativeTarget "SwiftUIBootcampUITests" */ = {
			isa = XCConfigurationList;
			buildConfigurations = (
				8A6C4BEC2983CDBD0035A72E /* Debug */,
				8A6C4BED2983CDBD0035A72E /* Release */,
			);
			defaultConfigurationIsVisible = 0;
			defaultConfigurationName = Release;
		};
/* End XCConfigurationList section */
	};
	rootObject = 8A6C4BB82983CDBA0035A72E /* Project object */;
}
